{
  "version": "3",
  "packages": {
    "specifiers": {
      "npm:gray-matter@4.0.3": "npm:gray-matter@4.0.3",
      "npm:marked@6.0.0": "npm:marked@6.0.0"
    },
    "npm": {
      "argparse@1.0.10": {
        "integrity": "sha512-o5Roy6tNG4SL/FOkCAN6RzjiakZS25RLYFrcMttJqbdd8BWrnA+fGz57iN5Pb06pvBGvl5gQ0B48dJlslXvoTg==",
        "dependencies": {
          "sprintf-js": "sprintf-js@1.0.3"
        }
      },
      "esprima@4.0.1": {
        "integrity": "sha512-eGuFFw7Upda+g4p+QHvnW0RyTX/SVeJBDM/gCtMARO0cLuT2HcEKnTPvhjV6aGeqrCB/sbNop0Kszm0jsaWU4A==",
        "dependencies": {}
      },
      "extend-shallow@2.0.1": {
        "integrity": "sha512-zCnTtlxNoAiDc3gqY2aYAWFx7XWWiasuF2K8Me5WbN8otHKTUKBwjPtNpRs/rbUZm7KxWAaNj7P1a/p52GbVug==",
        "dependencies": {
          "is-extendable": "is-extendable@0.1.1"
        }
      },
      "gray-matter@4.0.3": {
        "integrity": "sha512-5v6yZd4JK3eMI3FqqCouswVqwugaA9r4dNZB1wwcmrD02QkV5H0y7XBQW8QwQqEaZY1pM9aqORSORhJRdNK44Q==",
        "dependencies": {
          "js-yaml": "js-yaml@3.14.1",
          "kind-of": "kind-of@6.0.3",
          "section-matter": "section-matter@1.0.0",
          "strip-bom-string": "strip-bom-string@1.0.0"
        }
      },
      "is-extendable@0.1.1": {
        "integrity": "sha512-5BMULNob1vgFX6EjQw5izWDxrecWK9AM72rugNr0TFldMOi0fj6Jk+zeKIt0xGj4cEfQIJth4w3OKWOJ4f+AFw==",
        "dependencies": {}
      },
      "js-yaml@3.14.1": {
        "integrity": "sha512-okMH7OXXJ7YrN9Ok3/SXrnu4iX9yOk+25nqX4imS2npuvTYDmo/QEZoqwZkYaIDk3jVvBOTOIEgEhaLOynBS9g==",
        "dependencies": {
          "argparse": "argparse@1.0.10",
          "esprima": "esprima@4.0.1"
        }
      },
      "kind-of@6.0.3": {
        "integrity": "sha512-dcS1ul+9tmeD95T+x28/ehLgd9mENa3LsvDTtzm3vyBEO7RPptvAD+t44WVXaUjTBRcrpFeFlC8WCruUR456hw==",
        "dependencies": {}
      },
      "marked@6.0.0": {
        "integrity": "sha512-7E3m/xIlymrFL5gWswIT4CheIE3fDeh51NV09M4x8iOc7NDYlyERcQMLAIHcSlrvwliwbPQ4OGD+MpPSYiQcqw==",
        "dependencies": {}
      },
      "section-matter@1.0.0": {
        "integrity": "sha512-vfD3pmTzGpufjScBh50YHKzEu2lxBWhVEHsNGoEXmCmn2hKGfeNLYMzCJpe8cD7gqX7TJluOVpBkAequ6dgMmA==",
        "dependencies": {
          "extend-shallow": "extend-shallow@2.0.1",
          "kind-of": "kind-of@6.0.3"
        }
      },
      "sprintf-js@1.0.3": {
        "integrity": "sha512-D9cPgkvLlV3t3IzL0D0YLvGA9Ahk4PcvVwUbN0dSGr1aP0Nrt4AEnTUbuGvquEC0mA64Gqt1fzirlRs5ibXx8g==",
        "dependencies": {}
      },
      "strip-bom-string@1.0.0": {
        "integrity": "sha512-uCC2VHvQRYu+lMh4My/sFNmF2klFymLX1wHJeXnbEJERpV/ZsVuonzerjfrGpIGF7LBVa1O7i9kjiWvJiFck8g==",
        "dependencies": {}
      }
    }
  },
  "remote": {
    "https://deno.land/std@0.167.0/fmt/colors.ts": "03ad95e543d2808bc43c17a3dd29d25b43d0f16287fe562a0be89bf632454a12",
    "https://deno.land/std@0.167.0/testing/_diff.ts": "a23e7fc2b4d8daa3e158fa06856bedf5334ce2a2831e8bf9e509717f455adb2c",
    "https://deno.land/std@0.167.0/testing/_format.ts": "cd11136e1797791045e639e9f0f4640d5b4166148796cad37e6ef75f7d7f3832",
    "https://deno.land/std@0.167.0/testing/asserts.ts": "51353e79437361d4b02d8e32f3fc83b22231bc8f8d4c841d86fd32b0b0afe940",
    "https://deno.land/std@0.224.0/assert/assert.ts": "09d30564c09de846855b7b071e62b5974b001bb72a4b797958fe0660e7849834",
    "https://deno.land/std@0.224.0/assert/assertion_error.ts": "ba8752bd27ebc51f723702fac2f54d3e94447598f54264a6653d6413738a8917",
    "https://deno.land/std@0.224.0/fmt/colors.ts": "508563c0659dd7198ba4bbf87e97f654af3c34eb56ba790260f252ad8012e1c5",
    "https://deno.land/std@0.224.0/fs/exists.ts": "3d38cb7dcbca3cf313be343a7b8af18a87bddb4b5ca1bd2314be12d06533b50f",
    "https://deno.land/std@0.224.0/io/types.ts": "acecb3074c730b5ff487ba4fe9ce51e67bd982aa07c95e5f5679b7b2f24ad129",
    "https://deno.land/std@0.224.0/io/write_all.ts": "24aac2312bb21096ae3ae0b102b22c26164d3249dff96dbac130958aa736f038",
    "https://deno.land/std@0.224.0/log/_config.ts": "489e11b6d3c917bf5fc954c5e914c095d3480efd924d1e85f2fc576468581c54",
    "https://deno.land/std@0.224.0/log/_state.ts": "314c0c31ab9c8f4fb33326ad446757d35f75e5bb21746b7720ed4e3f3a939da1",
    "https://deno.land/std@0.224.0/log/base_handler.ts": "f03f013dac9c1a226aab60c6f5751b3131cc4f2808720715285e0dab5697a54e",
    "https://deno.land/std@0.224.0/log/console_handler.ts": "9b17b9025c7d94eab950a25eccca81fd9dd71d063b9f458f149e52db52ab0295",
    "https://deno.land/std@0.224.0/log/critical.ts": "a8b44a4c6768629d2a506ffe1a1a048da7ae76d3146000f8a492008eac4ecba0",
    "https://deno.land/std@0.224.0/log/debug.ts": "ddd63a549fedc3061deba47e41cd2170263831fc266e503a12b610b77439333b",
    "https://deno.land/std@0.224.0/log/error.ts": "3979ee3aadc962345ad50eff8a5470ad3fe07c70370808ddc178ee08c3d6c89c",
    "https://deno.land/std@0.224.0/log/file_handler.ts": "68d6d81ec53bdd6ba61eaceec19d12de59a8ad12ace0d7980a592a51f924a242",
    "https://deno.land/std@0.224.0/log/formatters.ts": "29e0325902c3b1cbb3b9ffc1f9d77ac2d2e5af35d27b9bdfe4fdbbd83588d4a8",
    "https://deno.land/std@0.224.0/log/get_logger.ts": "36a5febf5338f68aadafaf23bbe38a208e2a3150ec02ca2ec5d3c6bbaf840641",
    "https://deno.land/std@0.224.0/log/info.ts": "e6c4971e35092d85cd3241fe7eccdb42999083d14db6aadc5e741f6231e275ad",
    "https://deno.land/std@0.224.0/log/levels.ts": "632ba12baa2600750d004cc5cb4eabe10e410f3f2bdfcb9f7142b6d767f2fee6",
    "https://deno.land/std@0.224.0/log/logger.ts": "57109848fb587fb3843a7b893f22f1a86c1b78c289172627a6305906738f238a",
    "https://deno.land/std@0.224.0/log/mod.ts": "650c53c2c5d9eb05210c4ec54184ecb5bd24fb32ce28e65fad039853978f53f3",
    "https://deno.land/std@0.224.0/log/rotating_file_handler.ts": "a6e7c712e568b618303273ff95483f6ab86dec0a485c73c2e399765f752b5aa8",
    "https://deno.land/std@0.224.0/log/setup.ts": "42425c550da52c7def7f63a4fcc1ac01a4aec6c73336697a640978d6a324e7a6",
    "https://deno.land/std@0.224.0/log/warn.ts": "f1a6bc33a481f231a0257e6d66e26c2e695b931d5e917d8de4f2b825778dfd4e",
    "https://deno.land/std@0.224.0/path/_common/assert_path.ts": "dbdd757a465b690b2cc72fc5fb7698c51507dec6bfafce4ca500c46b76ff7bd8",
    "https://deno.land/std@0.224.0/path/_common/constants.ts": "dc5f8057159f4b48cd304eb3027e42f1148cf4df1fb4240774d3492b5d12ac0c",
    "https://deno.land/std@0.224.0/path/_common/normalize.ts": "684df4aa71a04bbcc346c692c8485594fc8a90b9408dfbc26ff32cf3e0c98cc8",
    "https://deno.land/std@0.224.0/path/_common/normalize_string.ts": "33edef773c2a8e242761f731adeb2bd6d683e9c69e4e3d0092985bede74f4ac3",
    "https://deno.land/std@0.224.0/path/_os.ts": "8fb9b90fb6b753bd8c77cfd8a33c2ff6c5f5bc185f50de8ca4ac6a05710b2c15",
    "https://deno.land/std@0.224.0/path/join.ts": "ae2ec5ca44c7e84a235fd532e4a0116bfb1f2368b394db1c4fb75e3c0f26a33a",
    "https://deno.land/std@0.224.0/path/posix/_util.ts": "1e3937da30f080bfc99fe45d7ed23c47dd8585c5e473b2d771380d3a6937cf9d",
    "https://deno.land/std@0.224.0/path/posix/join.ts": "7fc2cb3716aa1b863e990baf30b101d768db479e70b7313b4866a088db016f63",
    "https://deno.land/std@0.224.0/path/posix/normalize.ts": "baeb49816a8299f90a0237d214cef46f00ba3e95c0d2ceb74205a6a584b58a91",
    "https://deno.land/std@0.224.0/path/windows/_util.ts": "d5f47363e5293fced22c984550d5e70e98e266cc3f31769e1710511803d04808",
    "https://deno.land/std@0.224.0/path/windows/join.ts": "8d03530ab89195185103b7da9dfc6327af13eabdcd44c7c63e42e27808f50ecf",
    "https://deno.land/std@0.224.0/path/windows/normalize.ts": "78126170ab917f0ca355a9af9e65ad6bfa5be14d574c5fb09bb1920f52577780",
    "https://deno.land/x/openai@v4.47.1/_shims/MultipartBody.ts": "fe06a56b54ae358c9cf99823096e34b36795fdba2e17513f0e9539210edd797d",
    "https://deno.land/x/openai@v4.47.1/_shims/mod.ts": "2e253cb26bfa7060bd37e45626e60e4bf3e7b3fb3e0f559fdfdeef94c73f9372",
    "https://deno.land/x/openai@v4.47.1/core.ts": "9dff3286285b5240ea17051ea82dff6040b90e40aa56653b483a02ed9c11766d",
    "https://deno.land/x/openai@v4.47.1/error.ts": "a8721373ee2bb58af749b537af4adf320f73b576b9f4263072e98c4a099578ad",
    "https://deno.land/x/openai@v4.47.1/lib/AbstractAssistantStreamRunner.ts": "2e7a0a6c3dc541d8eea15f0c2c6c394a4373458707103c210a4c7d1ddb04f5b7",
    "https://deno.land/x/openai@v4.47.1/lib/AbstractChatCompletionRunner.ts": "0b2442b11f59559f1e8d67b2083dd948a7e9d1b7163de968dd290255c19242ce",
    "https://deno.land/x/openai@v4.47.1/lib/AssistantStream.ts": "00257f487b45d1f0d4edf859da067c0d48e65b1b08400004a54ce572611d0cb2",
    "https://deno.land/x/openai@v4.47.1/lib/ChatCompletionRunner.ts": "0d1cc40d99cd64b7d573ab95f9cb75750f24f9829da91e12573122842985a2d0",
    "https://deno.land/x/openai@v4.47.1/lib/ChatCompletionStream.ts": "e5721b3a8c1edb8442c4ab11db947ae2437c6fc999fc2b53d3b1f4b3c27b3549",
    "https://deno.land/x/openai@v4.47.1/lib/ChatCompletionStreamingRunner.ts": "9bcaae3760dd5f9b54d5d4b2ba79b8731bb3dc79214c26e5d0bbdfe809747dd2",
    "https://deno.land/x/openai@v4.47.1/lib/RunnableFunction.ts": "f45a16776de983da6b65e5748eb2c581b6ea9d3849bda0026f24659cf0be2d2c",
    "https://deno.land/x/openai@v4.47.1/lib/Util.ts": "aa555aecdbba8b0ae2e8a982a6797cabc0942fa0d2e99ce629d243d9032941b8",
    "https://deno.land/x/openai@v4.47.1/lib/chatCompletionUtils.ts": "4991d3e698a54f8e4273eb0f1d73851f7ba549a0a32fabbcd739627677003cb9",
    "https://deno.land/x/openai@v4.47.1/lib/jsonschema.ts": "ed31a7861e19e505c43aa7612579b2739243ee8e8dd47ccb5f8908fa5ff3b5f0",
    "https://deno.land/x/openai@v4.47.1/mod.ts": "26b9d3b284e56d232f41f6c25c44d00c25a2f4998ed943b456c078d84295fc28",
    "https://deno.land/x/openai@v4.47.1/pagination.ts": "02a6737ca6c987cab6effa2788327d022b9e0edc95dd98db0be986383f484e22",
    "https://deno.land/x/openai@v4.47.1/resource.ts": "c496dbda8dc6324d25fcef3d7233310935259d6aa0baf4b0d95039e4913f6380",
    "https://deno.land/x/openai@v4.47.1/resources/audio/audio.ts": "baddf217421e2c09aa67d6977d9d98bc119edb7167ae6fd3e821778d8c702f19",
    "https://deno.land/x/openai@v4.47.1/resources/audio/speech.ts": "bc653097f1bb269c7344d8ef01251f6b8d2fa6df8fcc0856a80a46b901941cef",
    "https://deno.land/x/openai@v4.47.1/resources/audio/transcriptions.ts": "46398700125fe555415cff2bc70edb71b4969f6dda2e18af4916c6c21269120f",
    "https://deno.land/x/openai@v4.47.1/resources/audio/translations.ts": "ff91c4bd465448e1adc6206bc4824ff6b6869a82b2275976f874bcce61dca24c",
    "https://deno.land/x/openai@v4.47.1/resources/batches.ts": "8d092aa18cd6576c116b57df2ce5bad07ab7366d154179eec3769a58f65d61c0",
    "https://deno.land/x/openai@v4.47.1/resources/beta/assistants.ts": "a5957da499130073f8fd9de2786ab9d2746298aa492ad8b54fa0dcf26831eea0",
    "https://deno.land/x/openai@v4.47.1/resources/beta/beta.ts": "2e4c2ad66515f2ec5a1e3a2ccb6f29425b5a06bf2b8a600efb3e4303e61e516a",
    "https://deno.land/x/openai@v4.47.1/resources/beta/chat/chat.ts": "80dc8786a4b895e9fb152495496f44ac669e95fbb9c2f5a3c0bd379f408b1e1c",
    "https://deno.land/x/openai@v4.47.1/resources/beta/chat/completions.ts": "5e15cb9095f34d2a51e6e79a83dc5a53dc32e9ab99e607ba59732271612ffd19",
    "https://deno.land/x/openai@v4.47.1/resources/beta/threads/messages.ts": "ac01ac8731341ea9f67d7a7981719c3f836998a2931226a7cdb41cd567505231",
    "https://deno.land/x/openai@v4.47.1/resources/beta/threads/runs/runs.ts": "b31cf0394da3ecc1eec7310267b1afd8849d0be2dac22b2c3fbbf32abcdd03cf",
    "https://deno.land/x/openai@v4.47.1/resources/beta/threads/runs/steps.ts": "5779f252e93f661bdcf391ec8ba41589fec252862b072f7517a0dc858c323595",
    "https://deno.land/x/openai@v4.47.1/resources/beta/threads/threads.ts": "c998162af372efde1fe066fa31da40e6adcb054752b1a480e8147a64f2d027a3",
    "https://deno.land/x/openai@v4.47.1/resources/beta/vector-stores/file-batches.ts": "b9d53202a8ac6f831f60900fba8238d038a511f0bd5c276ac99b548e26e6753c",
    "https://deno.land/x/openai@v4.47.1/resources/beta/vector-stores/files.ts": "731c7f8b6438b321250e1688261aa370f68589cadf2fc928588c2056805ac145",
    "https://deno.land/x/openai@v4.47.1/resources/beta/vector-stores/vector-stores.ts": "84eae37119d2e0ab41cdd10e8a2432ce0a5c36b62c47442e204bc5d2344e21df",
    "https://deno.land/x/openai@v4.47.1/resources/chat/chat.ts": "35c93c4388e9727fff7dcec6f09eb82d8b9f6d246b34ec219741b26e2d1c78de",
    "https://deno.land/x/openai@v4.47.1/resources/chat/completions.ts": "90e61fd0ee10ac7bc23391a226e8dc33af4f0337d204dddcfa5bc515756fee90",
    "https://deno.land/x/openai@v4.47.1/resources/chat/mod.ts": "533faa7d352b1291cac0200a91e5c638361070285336631a76a0a26debc99d60",
    "https://deno.land/x/openai@v4.47.1/resources/completions.ts": "fc5ff206f8956e3bbc6183dd0661fc58b064d06beab11655b6162157e8896c4a",
    "https://deno.land/x/openai@v4.47.1/resources/embeddings.ts": "4009ae23c3d376826a080553feed55e32e3be959ba4543b9377aaa2537ef78d4",
    "https://deno.land/x/openai@v4.47.1/resources/files.ts": "3540f5a44213a117883bed29c0ce3a3ff51fa478eb1476eb471e5313453a1142",
    "https://deno.land/x/openai@v4.47.1/resources/fine-tuning/fine-tuning.ts": "5cb89d96fc6d914ae2d68257a4d08a1f12c140c12b7892a14393177ca9c4ca2b",
    "https://deno.land/x/openai@v4.47.1/resources/fine-tuning/jobs/checkpoints.ts": "0b225258a1e92a81c992721bf4259ec4eccd6225562cf576432e97ee838ccc67",
    "https://deno.land/x/openai@v4.47.1/resources/fine-tuning/jobs/jobs.ts": "3ba2d5902781ba139790959a7f8d81ecfcb360ed84f7d515ec3b1da47ddb2e0c",
    "https://deno.land/x/openai@v4.47.1/resources/images.ts": "412919440b470e346df93bae418506f4da5202b38bd15b415140d105cb29b19d",
    "https://deno.land/x/openai@v4.47.1/resources/mod.ts": "8f81e21bf165952f01e2ac9a6a05d1e1c3e820611f61ee62148cb878b2f92131",
    "https://deno.land/x/openai@v4.47.1/resources/models.ts": "1ed29e3f7126c2574ba5567646a66495916d52dc754c3b3c435cd9329997ab2b",
    "https://deno.land/x/openai@v4.47.1/resources/moderations.ts": "fbda1ed24bcbed6627b611c58964b706e88aac848b5efbec0cc1c45320d53236",
    "https://deno.land/x/openai@v4.47.1/resources/shared.ts": "9bebeb0cc046505283141127639d83565cb36c981d7650ef00b832f497196298",
    "https://deno.land/x/openai@v4.47.1/streaming.ts": "04f85a25d5143758473521223e58003a59cc617fa57755e5a62ba96741cb50ef",
    "https://deno.land/x/openai@v4.47.1/uploads.ts": "33857c766326193dd038ca77382f3b361ef92038a938de312f3f95aa77531a46",
    "https://deno.land/x/openai@v4.47.1/version.ts": "a0fe547151f0a3c5e18b3a2389741f8858e12350bf06b43eac30dc20c4bc71f2",
    "https://deno.land/x/openai@v4.56.0/_shims/MultipartBody.ts": "fe06a56b54ae358c9cf99823096e34b36795fdba2e17513f0e9539210edd797d",
    "https://deno.land/x/openai@v4.56.0/_shims/mod.ts": "2e253cb26bfa7060bd37e45626e60e4bf3e7b3fb3e0f559fdfdeef94c73f9372",
    "https://deno.land/x/openai@v4.56.0/_vendor/partial-json-parser/parser.ts": "546f6fe4aa8433405bf4f822069a01b64add2e1eedb3a4b977f9133678ba8a08",
    "https://deno.land/x/openai@v4.56.0/core.ts": "4d78de4c114f5048120eb34c4e94286e69e9c1453cb03791296e79e0e5713bc2",
    "https://deno.land/x/openai@v4.56.0/error.ts": "56a114051a6c9abf342bfd63748c4b819b27d27375ec5322169fcb70fadb8154",
    "https://deno.land/x/openai@v4.56.0/lib/AbstractChatCompletionRunner.ts": "2ebc15b6513f98f9002cef24406c0187125704f8c3c7a8f26f80e420f155413c",
    "https://deno.land/x/openai@v4.56.0/lib/AssistantStream.ts": "fdfa22077f6f2605a03448ce55d6874f9e809a10f901721c2d61b294b2ffe7d5",
    "https://deno.land/x/openai@v4.56.0/lib/ChatCompletionRunner.ts": "b6d6d59761591780475a90c3efc3f622c126b4e65c683f0bcfa1a2ac0e6a8463",
    "https://deno.land/x/openai@v4.56.0/lib/ChatCompletionStream.ts": "4cb95561b01aa471895d398f1461a96c7272b0efd2c010ad1d4b9620a7ae1f47",
    "https://deno.land/x/openai@v4.56.0/lib/ChatCompletionStreamingRunner.ts": "35f8658c5fb354a724f59eca13731523bf565520b5923c00d995b09e2ea9a56f",
    "https://deno.land/x/openai@v4.56.0/lib/EventStream.ts": "14836091490ea45c9d1168dd91c179dbad7757ca7c7f953049f2bce10b0cbf6e",
    "https://deno.land/x/openai@v4.56.0/lib/RunnableFunction.ts": "640a9d35f27b470a95711d841295ccc530b851dec274f9a70bcd12cb04041545",
    "https://deno.land/x/openai@v4.56.0/lib/Util.ts": "aa555aecdbba8b0ae2e8a982a6797cabc0942fa0d2e99ce629d243d9032941b8",
    "https://deno.land/x/openai@v4.56.0/lib/chatCompletionUtils.ts": "4991d3e698a54f8e4273eb0f1d73851f7ba549a0a32fabbcd739627677003cb9",
    "https://deno.land/x/openai@v4.56.0/lib/jsonschema.ts": "ed31a7861e19e505c43aa7612579b2739243ee8e8dd47ccb5f8908fa5ff3b5f0",
    "https://deno.land/x/openai@v4.56.0/lib/parser.ts": "1461923499c521d97bdb7223adc228b3e1073f52d7d7c48822423081b8cc5c0c",
    "https://deno.land/x/openai@v4.56.0/mod.ts": "ccebc1a9655cb73ea3c6b7bcca411420e147ff0b12235f2e52794ca3219ef80b",
    "https://deno.land/x/openai@v4.56.0/pagination.ts": "02a6737ca6c987cab6effa2788327d022b9e0edc95dd98db0be986383f484e22",
    "https://deno.land/x/openai@v4.56.0/resource.ts": "c496dbda8dc6324d25fcef3d7233310935259d6aa0baf4b0d95039e4913f6380",
    "https://deno.land/x/openai@v4.56.0/resources/audio/audio.ts": "7287c7ef931d7fe73ce1ac03641225b06bdf2c2a233e8d75ea6da31daf3d91d8",
    "https://deno.land/x/openai@v4.56.0/resources/audio/speech.ts": "406fd5cb6d9799dfbad09f4c9156797114550552f63d9a1822846b4e79f1950e",
    "https://deno.land/x/openai@v4.56.0/resources/audio/transcriptions.ts": "28fb03b6747272d705c85eee41711dca9071be4564f42ece6169fd5ff6ab2e40",
    "https://deno.land/x/openai@v4.56.0/resources/audio/translations.ts": "d01b9e5e464accce100411956ec55eb66ac8e88d52e0889530bc2111d3062976",
    "https://deno.land/x/openai@v4.56.0/resources/batches.ts": "c74d0c40fd748fae60107297a10a62a1a98a646ac2a1b20e9be8499bdceeda57",
    "https://deno.land/x/openai@v4.56.0/resources/beta/assistants.ts": "f425bed1827ae1b40d474cb70d48dfdf3b3626ef72a665f937d8463b0979f18a",
    "https://deno.land/x/openai@v4.56.0/resources/beta/beta.ts": "dc863dc22ca378681dfae43c0f9869727d7a6d26c8263e4c4569c3b1edcac2f7",
    "https://deno.land/x/openai@v4.56.0/resources/beta/chat/chat.ts": "80dc8786a4b895e9fb152495496f44ac669e95fbb9c2f5a3c0bd379f408b1e1c",
    "https://deno.land/x/openai@v4.56.0/resources/beta/chat/completions.ts": "432276a8f06bf095461aa6886a3dab4958664a562eae6733e563fdae2492ce01",
    "https://deno.land/x/openai@v4.56.0/resources/beta/threads/messages.ts": "51acea64463644078110c67e280a49f630a8cefa62d7cff20c8e2e1fa10ebf0d",
    "https://deno.land/x/openai@v4.56.0/resources/beta/threads/runs/runs.ts": "73b4172c530c5aa7f378394c4b08574fdce516cf77d5871337d026d7b0ab232e",
    "https://deno.land/x/openai@v4.56.0/resources/beta/threads/runs/steps.ts": "51d85d9618f79a38d491c56e1aa8d43b943432ee8f41ae726006a4ec7fc25074",
    "https://deno.land/x/openai@v4.56.0/resources/beta/threads/threads.ts": "370e0bcd4d134b2e7129824f4e34cafbfbad4ec13c529a4564544cd3f9a71541",
    "https://deno.land/x/openai@v4.56.0/resources/beta/vector-stores/file-batches.ts": "b1f53967214c8cec017b20bfa6310061608b3ef278f0fec21b53104b7fe82f91",
    "https://deno.land/x/openai@v4.56.0/resources/beta/vector-stores/files.ts": "f24ab5e2a516ee0e87da7e635ae1ed3daeb09b380a4e470791f1572c33f55956",
    "https://deno.land/x/openai@v4.56.0/resources/beta/vector-stores/vector-stores.ts": "a3b3e0f7704fbd8ba22c76e401ca4e8375b55cdf5f14460f00f62e8004b41934",
    "https://deno.land/x/openai@v4.56.0/resources/chat/chat.ts": "503a925ece2074080d712dc084d6eb2f9e1f9755e0307ab4950f67f4ce581806",
    "https://deno.land/x/openai@v4.56.0/resources/chat/completions.ts": "8aeb767f80af1c57f1f598c5151915ede9dfa620be1d51b42b4de0a291a073d3",
    "https://deno.land/x/openai@v4.56.0/resources/chat/mod.ts": "ac3ac00de439d0cf37f3ed2a63c30fe5406d08c07178f3c5ff9a643dd209c1d7",
    "https://deno.land/x/openai@v4.56.0/resources/completions.ts": "c8b2569f34b26205b0d9d348e594586d3ead6571caf84920171dd5b7a057322d",
    "https://deno.land/x/openai@v4.56.0/resources/embeddings.ts": "2a28c666fe9c42bb860bdfa1b27c4aae96c548159aa7e7030a384cfbb00a7465",
    "https://deno.land/x/openai@v4.56.0/resources/files.ts": "b3edff249bbd1bd29c4bac1d2d32dfb44e9afbea0cbf31f37b240748059cff55",
    "https://deno.land/x/openai@v4.56.0/resources/fine-tuning/fine-tuning.ts": "5cb89d96fc6d914ae2d68257a4d08a1f12c140c12b7892a14393177ca9c4ca2b",
    "https://deno.land/x/openai@v4.56.0/resources/fine-tuning/jobs/checkpoints.ts": "d5a62d828186fb54b50ac2aa0f82a8f9b0c66a7ece0728e79e30cf6e19251bdf",
    "https://deno.land/x/openai@v4.56.0/resources/fine-tuning/jobs/jobs.ts": "c175c1cda11d86f84e7ef1e365d65433ae96b649a0b6e9674fed527f3caafcb8",
    "https://deno.land/x/openai@v4.56.0/resources/images.ts": "5774e74b1e88b7ba696272fac83a41c1558737d2640da64bcdfb11ba253b0943",
    "https://deno.land/x/openai@v4.56.0/resources/mod.ts": "0b0e5a58769e7860164f4277c676d36cdba4d32705c61b63ad7087a1fb86f748",
    "https://deno.land/x/openai@v4.56.0/resources/models.ts": "fc8620e0d93158560be0e941bbb298870c7f85515ec2a411602fb46a1269ea93",
    "https://deno.land/x/openai@v4.56.0/resources/moderations.ts": "3f1c50b69d10884b21004ce19c8905b5c9850c7194dbd167b56b01ccdde91a74",
    "https://deno.land/x/openai@v4.56.0/resources/shared.ts": "79abd8e478551d04209384197e86a7bc390a5a3de5d10b0f60aa67c9af4ad3b4",
    "https://deno.land/x/openai@v4.56.0/resources/uploads/parts.ts": "261610445bbbacdf913aec27d9084dbdd95c524b5eb74c0a3b9cb650d6135584",
    "https://deno.land/x/openai@v4.56.0/resources/uploads/uploads.ts": "6d42e5238aecba708eed1b48ad5eab37d7a9950d06e5f74aa059c8b94cfeff36",
    "https://deno.land/x/openai@v4.56.0/streaming.ts": "04f85a25d5143758473521223e58003a59cc617fa57755e5a62ba96741cb50ef",
    "https://deno.land/x/openai@v4.56.0/uploads.ts": "33857c766326193dd038ca77382f3b361ef92038a938de312f3f95aa77531a46",
    "https://deno.land/x/openai@v4.56.0/version.ts": "7717483587d5ceee8adf6c03367982f080ae0ae5081a7c9522d7ca6650bbe037"
  },
  "workspace": {
    "packageJson": {
      "dependencies": [
        "npm:@proofdict/textlint-rule-proofdict@3.1.2",
        "npm:prh@5.4.4",
        "npm:renovate@38.94.1",
        "npm:textlint-filter-rule-comments@1.2.2",
        "npm:textlint-rule-preset-ja-spacing@2.4.3",
        "npm:textlint-rule-preset-ja-technical-writing@10.0.1",
        "npm:textlint-rule-prh@6.0.0",
        "npm:textlint-rule-spellcheck-tech-word@5.0.0",
        "npm:textlint@14.2.0",
        "npm:zenn-cli@0.1.157"
      ]
    }
  }
}
