{
  "version": "3",
  "packages": {
    "specifiers": {
      "npm:gray-matter": "npm:gray-matter@4.0.3",
      "npm:marked": "npm:marked@6.0.0"
    },
    "npm": {
      "argparse@1.0.10": {
        "integrity": "sha512-o5Roy6tNG4SL/FOkCAN6RzjiakZS25RLYFrcMttJqbdd8BWrnA+fGz57iN5Pb06pvBGvl5gQ0B48dJlslXvoTg==",
        "dependencies": {
          "sprintf-js": "sprintf-js@1.0.3"
        }
      },
      "esprima@4.0.1": {
        "integrity": "sha512-eGuFFw7Upda+g4p+QHvnW0RyTX/SVeJBDM/gCtMARO0cLuT2HcEKnTPvhjV6aGeqrCB/sbNop0Kszm0jsaWU4A==",
        "dependencies": {}
      },
      "extend-shallow@2.0.1": {
        "integrity": "sha512-zCnTtlxNoAiDc3gqY2aYAWFx7XWWiasuF2K8Me5WbN8otHKTUKBwjPtNpRs/rbUZm7KxWAaNj7P1a/p52GbVug==",
        "dependencies": {
          "is-extendable": "is-extendable@0.1.1"
        }
      },
      "gray-matter@4.0.3": {
        "integrity": "sha512-5v6yZd4JK3eMI3FqqCouswVqwugaA9r4dNZB1wwcmrD02QkV5H0y7XBQW8QwQqEaZY1pM9aqORSORhJRdNK44Q==",
        "dependencies": {
          "js-yaml": "js-yaml@3.14.1",
          "kind-of": "kind-of@6.0.3",
          "section-matter": "section-matter@1.0.0",
          "strip-bom-string": "strip-bom-string@1.0.0"
        }
      },
      "is-extendable@0.1.1": {
        "integrity": "sha512-5BMULNob1vgFX6EjQw5izWDxrecWK9AM72rugNr0TFldMOi0fj6Jk+zeKIt0xGj4cEfQIJth4w3OKWOJ4f+AFw==",
        "dependencies": {}
      },
      "js-yaml@3.14.1": {
        "integrity": "sha512-okMH7OXXJ7YrN9Ok3/SXrnu4iX9yOk+25nqX4imS2npuvTYDmo/QEZoqwZkYaIDk3jVvBOTOIEgEhaLOynBS9g==",
        "dependencies": {
          "argparse": "argparse@1.0.10",
          "esprima": "esprima@4.0.1"
        }
      },
      "kind-of@6.0.3": {
        "integrity": "sha512-dcS1ul+9tmeD95T+x28/ehLgd9mENa3LsvDTtzm3vyBEO7RPptvAD+t44WVXaUjTBRcrpFeFlC8WCruUR456hw==",
        "dependencies": {}
      },
      "marked@6.0.0": {
        "integrity": "sha512-7E3m/xIlymrFL5gWswIT4CheIE3fDeh51NV09M4x8iOc7NDYlyERcQMLAIHcSlrvwliwbPQ4OGD+MpPSYiQcqw==",
        "dependencies": {}
      },
      "section-matter@1.0.0": {
        "integrity": "sha512-vfD3pmTzGpufjScBh50YHKzEu2lxBWhVEHsNGoEXmCmn2hKGfeNLYMzCJpe8cD7gqX7TJluOVpBkAequ6dgMmA==",
        "dependencies": {
          "extend-shallow": "extend-shallow@2.0.1",
          "kind-of": "kind-of@6.0.3"
        }
      },
      "sprintf-js@1.0.3": {
        "integrity": "sha512-D9cPgkvLlV3t3IzL0D0YLvGA9Ahk4PcvVwUbN0dSGr1aP0Nrt4AEnTUbuGvquEC0mA64Gqt1fzirlRs5ibXx8g==",
        "dependencies": {}
      },
      "strip-bom-string@1.0.0": {
        "integrity": "sha512-uCC2VHvQRYu+lMh4My/sFNmF2klFymLX1wHJeXnbEJERpV/ZsVuonzerjfrGpIGF7LBVa1O7i9kjiWvJiFck8g==",
        "dependencies": {}
      }
    }
  },
  "remote": {},
  "workspace": {
    "packageJson": {
      "dependencies": [
        "npm:@proofdict/textlint-rule-proofdict@3.1.2",
        "npm:prh@5.4.4",
        "npm:renovate@37.377.6",
        "npm:textlint-filter-rule-comments@1.2.2",
        "npm:textlint-rule-preset-ja-spacing@2.4.3",
        "npm:textlint-rule-preset-ja-technical-writing@10.0.1",
        "npm:textlint-rule-prh@5.3.0",
        "npm:textlint-rule-spellcheck-tech-word@5.0.0",
        "npm:textlint@14.0.4",
        "npm:zenn-cli@0.1.153"
      ]
    }
  }
}
